// !$*UTF8*$!
{
	archiveVersion = 1;
	classes = {
	};
	objectVersion = 56;
	objects = {

/* Begin PBXBuildFile section */
		84183BE22C2613BF00B6D94F /* SibeGameEngineApp.swift in Sources */ = {isa = PBXBuildFile; fileRef = 84183BE12C2613BF00B6D94F /* SibeGameEngineApp.swift */; };
		84183BE42C2613BF00B6D94F /* BaseView.swift in Sources */ = {isa = PBXBuildFile; fileRef = 84183BE32C2613BF00B6D94F /* BaseView.swift */; };
		84183BE62C2613BF00B6D94F /* Item.swift in Sources */ = {isa = PBXBuildFile; fileRef = 84183BE52C2613BF00B6D94F /* Item.swift */; };
		84183BE82C2613C000B6D94F /* Assets.xcassets in Resources */ = {isa = PBXBuildFile; fileRef = 84183BE72C2613C000B6D94F /* Assets.xcassets */; };
		84183BEB2C2613C000B6D94F /* Preview Assets.xcassets in Resources */ = {isa = PBXBuildFile; fileRef = 84183BEA2C2613C000B6D94F /* Preview Assets.xcassets */; };
		84183BF32C2616C700B6D94F /* GameViewDelegate.swift in Sources */ = {isa = PBXBuildFile; fileRef = 84183BF22C2616C700B6D94F /* GameViewDelegate.swift */; };
		84183BF52C261C7100B6D94F /* Shaders.metal in Sources */ = {isa = PBXBuildFile; fileRef = 84183BF42C261C7100B6D94F /* Shaders.metal */; };
		8424DE832C280AB5009F73F1 /* RenderPipelineDescriptorLibrary.swift in Sources */ = {isa = PBXBuildFile; fileRef = 8424DE822C280AB5009F73F1 /* RenderPipelineDescriptorLibrary.swift */; };
		8424DE852C280D47009F73F1 /* RenderPipelineStateLibrary.swift in Sources */ = {isa = PBXBuildFile; fileRef = 8424DE842C280D47009F73F1 /* RenderPipelineStateLibrary.swift */; };
		84F85C332C2726AA00B7D56A /* Engine.swift in Sources */ = {isa = PBXBuildFile; fileRef = 84F85C322C2726AA00B7D56A /* Engine.swift */; };
		84F85C352C2728BD00B7D56A /* Preferences.swift in Sources */ = {isa = PBXBuildFile; fileRef = 84F85C342C2728BD00B7D56A /* Preferences.swift */; };
		84F85C372C272A5000B7D56A /* ShaderLibrary.swift in Sources */ = {isa = PBXBuildFile; fileRef = 84F85C362C272A5000B7D56A /* ShaderLibrary.swift */; };
		84F85C3A2C272F9100B7D56A /* VertexDescriptorLibrary.swift in Sources */ = {isa = PBXBuildFile; fileRef = 84F85C392C272F9100B7D56A /* VertexDescriptorLibrary.swift */; };
		84F85C3C2C27315100B7D56A /* StringExtensions.swift in Sources */ = {isa = PBXBuildFile; fileRef = 84F85C3B2C27315100B7D56A /* StringExtensions.swift */; };
/* End PBXBuildFile section */

/* Begin PBXFileReference section */
		84183BDE2C2613BF00B6D94F /* SibeGameEngine.app */ = {isa = PBXFileReference; explicitFileType = wrapper.application; includeInIndex = 0; path = SibeGameEngine.app; sourceTree = BUILT_PRODUCTS_DIR; };
		84183BE12C2613BF00B6D94F /* SibeGameEngineApp.swift */ = {isa = PBXFileReference; lastKnownFileType = sourcecode.swift; path = SibeGameEngineApp.swift; sourceTree = "<group>"; };
		84183BE32C2613BF00B6D94F /* BaseView.swift */ = {isa = PBXFileReference; lastKnownFileType = sourcecode.swift; path = BaseView.swift; sourceTree = "<group>"; };
		84183BE52C2613BF00B6D94F /* Item.swift */ = {isa = PBXFileReference; lastKnownFileType = sourcecode.swift; path = Item.swift; sourceTree = "<group>"; };
		84183BE72C2613C000B6D94F /* Assets.xcassets */ = {isa = PBXFileReference; lastKnownFileType = folder.assetcatalog; path = Assets.xcassets; sourceTree = "<group>"; };
		84183BEA2C2613C000B6D94F /* Preview Assets.xcassets */ = {isa = PBXFileReference; lastKnownFileType = folder.assetcatalog; path = "Preview Assets.xcassets"; sourceTree = "<group>"; };
		84183BEC2C2613C000B6D94F /* SibeGameEngine.entitlements */ = {isa = PBXFileReference; lastKnownFileType = text.plist.entitlements; path = SibeGameEngine.entitlements; sourceTree = "<group>"; };
		84183BF22C2616C700B6D94F /* GameViewDelegate.swift */ = {isa = PBXFileReference; lastKnownFileType = sourcecode.swift; path = GameViewDelegate.swift; sourceTree = "<group>"; };
		84183BF42C261C7100B6D94F /* Shaders.metal */ = {isa = PBXFileReference; lastKnownFileType = sourcecode.metal; path = Shaders.metal; sourceTree = "<group>"; };
		8424DE822C280AB5009F73F1 /* RenderPipelineDescriptorLibrary.swift */ = {isa = PBXFileReference; lastKnownFileType = sourcecode.swift; path = RenderPipelineDescriptorLibrary.swift; sourceTree = "<group>"; };
		8424DE842C280D47009F73F1 /* RenderPipelineStateLibrary.swift */ = {isa = PBXFileReference; lastKnownFileType = sourcecode.swift; path = RenderPipelineStateLibrary.swift; sourceTree = "<group>"; };
		84F85C322C2726AA00B7D56A /* Engine.swift */ = {isa = PBXFileReference; lastKnownFileType = sourcecode.swift; path = Engine.swift; sourceTree = "<group>"; };
		84F85C342C2728BD00B7D56A /* Preferences.swift */ = {isa = PBXFileReference; lastKnownFileType = sourcecode.swift; path = Preferences.swift; sourceTree = "<group>"; };
		84F85C362C272A5000B7D56A /* ShaderLibrary.swift */ = {isa = PBXFileReference; lastKnownFileType = sourcecode.swift; path = ShaderLibrary.swift; sourceTree = "<group>"; };
		84F85C392C272F9100B7D56A /* VertexDescriptorLibrary.swift */ = {isa = PBXFileReference; lastKnownFileType = sourcecode.swift; path = VertexDescriptorLibrary.swift; sourceTree = "<group>"; };
		84F85C3B2C27315100B7D56A /* StringExtensions.swift */ = {isa = PBXFileReference; lastKnownFileType = sourcecode.swift; path = StringExtensions.swift; sourceTree = "<group>"; };
/* End PBXFileReference section */

/* Begin PBXFrameworksBuildPhase section */
		84183BDB2C2613BF00B6D94F /* Frameworks */ = {
			isa = PBXFrameworksBuildPhase;
			buildActionMask = 2147483647;
			files = (
			);
			runOnlyForDeploymentPostprocessing = 0;
		};
/* End PBXFrameworksBuildPhase section */

/* Begin PBXGroup section */
		84183BD52C2613BF00B6D94F = {
			isa = PBXGroup;
			children = (
				84183BE02C2613BF00B6D94F /* SibeGameEngine */,
				84183BDF2C2613BF00B6D94F /* Products */,
			);
			sourceTree = "<group>";
		};
		84183BDF2C2613BF00B6D94F /* Products */ = {
			isa = PBXGroup;
			children = (
				84183BDE2C2613BF00B6D94F /* SibeGameEngine.app */,
			);
			name = Products;
			sourceTree = "<group>";
		};
		84183BE02C2613BF00B6D94F /* SibeGameEngine */ = {
			isa = PBXGroup;
			children = (
				84183BE12C2613BF00B6D94F /* SibeGameEngineApp.swift */,
				84183BF72C26384D00B6D94F /* Supports */,
				84183BF82C26385A00B6D94F /* RenderCore */,
				84F85C382C272A5400B7D56A /* Libraries */,
				84183BF62C26383B00B6D94F /* Shaders */,
				84183BE52C2613BF00B6D94F /* Item.swift */,
				84183BE72C2613C000B6D94F /* Assets.xcassets */,
				84183BEC2C2613C000B6D94F /* SibeGameEngine.entitlements */,
				84183BE92C2613C000B6D94F /* Preview Content */,
			);
			path = SibeGameEngine;
			sourceTree = "<group>";
		};
		84183BE92C2613C000B6D94F /* Preview Content */ = {
			isa = PBXGroup;
			children = (
				84183BEA2C2613C000B6D94F /* Preview Assets.xcassets */,
			);
			path = "Preview Content";
			sourceTree = "<group>";
		};
		84183BF62C26383B00B6D94F /* Shaders */ = {
			isa = PBXGroup;
			children = (
				84183BF42C261C7100B6D94F /* Shaders.metal */,
			);
			path = Shaders;
			sourceTree = "<group>";
		};
		84183BF72C26384D00B6D94F /* Supports */ = {
			isa = PBXGroup;
			children = (
				84F85C342C2728BD00B7D56A /* Preferences.swift */,
				84F85C3B2C27315100B7D56A /* StringExtensions.swift */,
			);
			path = Supports;
			sourceTree = "<group>";
		};
		84183BF82C26385A00B6D94F /* RenderCore */ = {
			isa = PBXGroup;
			children = (
				84183BF22C2616C700B6D94F /* GameViewDelegate.swift */,
				84183BE32C2613BF00B6D94F /* BaseView.swift */,
				84F85C322C2726AA00B7D56A /* Engine.swift */,
			);
			path = RenderCore;
			sourceTree = "<group>";
		};
		84F85C382C272A5400B7D56A /* Libraries */ = {
			isa = PBXGroup;
			children = (
				84F85C362C272A5000B7D56A /* ShaderLibrary.swift */,
				84F85C392C272F9100B7D56A /* VertexDescriptorLibrary.swift */,
				8424DE822C280AB5009F73F1 /* RenderPipelineDescriptorLibrary.swift */,
				8424DE842C280D47009F73F1 /* RenderPipelineStateLibrary.swift */,
			);
			path = Libraries;
			sourceTree = "<group>";
		};
/* End PBXGroup section */

/* Begin PBXNativeTarget section */
		84183BDD2C2613BF00B6D94F /* SibeGameEngine */ = {
			isa = PBXNativeTarget;
			buildConfigurationList = 84183BEF2C2613C000B6D94F /* Build configuration list for PBXNativeTarget "SibeGameEngine" */;
			buildPhases = (
				84183BDA2C2613BF00B6D94F /* Sources */,
				84183BDB2C2613BF00B6D94F /* Frameworks */,
				84183BDC2C2613BF00B6D94F /* Resources */,
			);
			buildRules = (
			);
			dependencies = (
			);
			name = SibeGameEngine;
			productName = SibeGameEngine;
			productReference = 84183BDE2C2613BF00B6D94F /* SibeGameEngine.app */;
			productType = "com.apple.product-type.application";
		};
/* End PBXNativeTarget section */

/* Begin PBXProject section */
		84183BD62C2613BF00B6D94F /* Project object */ = {
			isa = PBXProject;
			attributes = {
				BuildIndependentTargetsInParallel = 1;
				LastSwiftUpdateCheck = 1540;
				LastUpgradeCheck = 1540;
				TargetAttributes = {
					84183BDD2C2613BF00B6D94F = {
						CreatedOnToolsVersion = 15.4;
					};
				};
			};
			buildConfigurationList = 84183BD92C2613BF00B6D94F /* Build configuration list for PBXProject "SibeGameEngine" */;
			compatibilityVersion = "Xcode 14.0";
			developmentRegion = en;
			hasScannedForEncodings = 0;
			knownRegions = (
				en,
				Base,
			);
			mainGroup = 84183BD52C2613BF00B6D94F;
			productRefGroup = 84183BDF2C2613BF00B6D94F /* Products */;
			projectDirPath = "";
			projectRoot = "";
			targets = (
				84183BDD2C2613BF00B6D94F /* SibeGameEngine */,
			);
		};
/* End PBXProject section */

/* Begin PBXResourcesBuildPhase section */
		84183BDC2C2613BF00B6D94F /* Resources */ = {
			isa = PBXResourcesBuildPhase;
			buildActionMask = 2147483647;
			files = (
				84183BEB2C2613C000B6D94F /* Preview Assets.xcassets in Resources */,
				84183BE82C2613C000B6D94F /* Assets.xcassets in Resources */,
			);
			runOnlyForDeploymentPostprocessing = 0;
		};
/* End PBXResourcesBuildPhase section */

/* Begin PBXSourcesBuildPhase section */
		84183BDA2C2613BF00B6D94F /* Sources */ = {
			isa = PBXSourcesBuildPhase;
			buildActionMask = 2147483647;
			files = (
				84F85C3A2C272F9100B7D56A /* VertexDescriptorLibrary.swift in Sources */,
				84183BE42C2613BF00B6D94F /* BaseView.swift in Sources */,
				84F85C3C2C27315100B7D56A /* StringExtensions.swift in Sources */,
				84F85C352C2728BD00B7D56A /* Preferences.swift in Sources */,
				84F85C332C2726AA00B7D56A /* Engine.swift in Sources */,
				84183BE62C2613BF00B6D94F /* Item.swift in Sources */,
				8424DE852C280D47009F73F1 /* RenderPipelineStateLibrary.swift in Sources */,
				84183BE22C2613BF00B6D94F /* SibeGameEngineApp.swift in Sources */,
				84183BF32C2616C700B6D94F /* GameViewDelegate.swift in Sources */,
				84183BF52C261C7100B6D94F /* Shaders.metal in Sources */,
				8424DE832C280AB5009F73F1 /* RenderPipelineDescriptorLibrary.swift in Sources */,
				84F85C372C272A5000B7D56A /* ShaderLibrary.swift in Sources */,
			);
			runOnlyForDeploymentPostprocessing = 0;
		};
/* End PBXSourcesBuildPhase section */

/* Begin XCBuildConfiguration section */
		84183BED2C2613C000B6D94F /* Debug */ = {
			isa = XCBuildConfiguration;
			buildSettings = {
				ALWAYS_SEARCH_USER_PATHS = NO;
				ASSETCATALOG_COMPILER_GENERATE_SWIFT_ASSET_SYMBOL_EXTENSIONS = YES;
				CLANG_ANALYZER_NONNULL = YES;
				CLANG_ANALYZER_NUMBER_OBJECT_CONVERSION = YES_AGGRESSIVE;
				CLANG_CXX_LANGUAGE_STANDARD = "gnu++20";
				CLANG_ENABLE_MODULES = YES;
				CLANG_ENABLE_OBJC_ARC = YES;
				CLANG_ENABLE_OBJC_WEAK = YES;
				CLANG_WARN_BLOCK_CAPTURE_AUTORELEASING = YES;
				CLANG_WARN_BOOL_CONVERSION = YES;
				CLANG_WARN_COMMA = YES;
				CLANG_WARN_CONSTANT_CONVERSION = YES;
				CLANG_WARN_DEPRECATED_OBJC_IMPLEMENTATIONS = YES;
				CLANG_WARN_DIRECT_OBJC_ISA_USAGE = YES_ERROR;
				CLANG_WARN_DOCUMENTATION_COMMENTS = YES;
				CLANG_WARN_EMPTY_BODY = YES;
				CLANG_WARN_ENUM_CONVERSION = YES;
				CLANG_WARN_INFINITE_RECURSION = YES;
				CLANG_WARN_INT_CONVERSION = YES;
				CLANG_WARN_NON_LITERAL_NULL_CONVERSION = YES;
				CLANG_WARN_OBJC_IMPLICIT_RETAIN_SELF = YES;
				CLANG_WARN_OBJC_LITERAL_CONVERSION = YES;
				CLANG_WARN_OBJC_ROOT_CLASS = YES_ERROR;
				CLANG_WARN_QUOTED_INCLUDE_IN_FRAMEWORK_HEADER = YES;
				CLANG_WARN_RANGE_LOOP_ANALYSIS = YES;
				CLANG_WARN_STRICT_PROTOTYPES = YES;
				CLANG_WARN_SUSPICIOUS_MOVE = YES;
				CLANG_WARN_UNGUARDED_AVAILABILITY = YES_AGGRESSIVE;
				CLANG_WARN_UNREACHABLE_CODE = YES;
				CLANG_WARN__DUPLICATE_METHOD_MATCH = YES;
				COPY_PHASE_STRIP = NO;
				DEBUG_INFORMATION_FORMAT = dwarf;
				ENABLE_STRICT_OBJC_MSGSEND = YES;
				ENABLE_TESTABILITY = YES;
				ENABLE_USER_SCRIPT_SANDBOXING = YES;
				GCC_C_LANGUAGE_STANDARD = gnu17;
				GCC_DYNAMIC_NO_PIC = NO;
				GCC_NO_COMMON_BLOCKS = YES;
				GCC_OPTIMIZATION_LEVEL = 0;
				GCC_PREPROCESSOR_DEFINITIONS = (
					"DEBUG=1",
					"$(inherited)",
				);
				GCC_WARN_64_TO_32_BIT_CONVERSION = YES;
				GCC_WARN_ABOUT_RETURN_TYPE = YES_ERROR;
				GCC_WARN_UNDECLARED_SELECTOR = YES;
				GCC_WARN_UNINITIALIZED_AUTOS = YES_AGGRESSIVE;
				GCC_WARN_UNUSED_FUNCTION = YES;
				GCC_WARN_UNUSED_VARIABLE = YES;
				LOCALIZATION_PREFERS_STRING_CATALOGS = YES;
				MACOSX_DEPLOYMENT_TARGET = 14.4;
				MTL_ENABLE_DEBUG_INFO = INCLUDE_SOURCE;
				MTL_FAST_MATH = YES;
				ONLY_ACTIVE_ARCH = YES;
				SDKROOT = macosx;
				SWIFT_ACTIVE_COMPILATION_CONDITIONS = "DEBUG $(inherited)";
				SWIFT_OPTIMIZATION_LEVEL = "-Onone";
			};
			name = Debug;
		};
		84183BEE2C2613C000B6D94F /* Release */ = {
			isa = XCBuildConfiguration;
			buildSettings = {
				ALWAYS_SEARCH_USER_PATHS = NO;
				ASSETCATALOG_COMPILER_GENERATE_SWIFT_ASSET_SYMBOL_EXTENSIONS = YES;
				CLANG_ANALYZER_NONNULL = YES;
				CLANG_ANALYZER_NUMBER_OBJECT_CONVERSION = YES_AGGRESSIVE;
				CLANG_CXX_LANGUAGE_STANDARD = "gnu++20";
				CLANG_ENABLE_MODULES = YES;
				CLANG_ENABLE_OBJC_ARC = YES;
				CLANG_ENABLE_OBJC_WEAK = YES;
				CLANG_WARN_BLOCK_CAPTURE_AUTORELEASING = YES;
				CLANG_WARN_BOOL_CONVERSION = YES;
				CLANG_WARN_COMMA = YES;
				CLANG_WARN_CONSTANT_CONVERSION = YES;
				CLANG_WARN_DEPRECATED_OBJC_IMPLEMENTATIONS = YES;
				CLANG_WARN_DIRECT_OBJC_ISA_USAGE = YES_ERROR;
				CLANG_WARN_DOCUMENTATION_COMMENTS = YES;
				CLANG_WARN_EMPTY_BODY = YES;
				CLANG_WARN_ENUM_CONVERSION = YES;
				CLANG_WARN_INFINITE_RECURSION = YES;
				CLANG_WARN_INT_CONVERSION = YES;
				CLANG_WARN_NON_LITERAL_NULL_CONVERSION = YES;
				CLANG_WARN_OBJC_IMPLICIT_RETAIN_SELF = YES;
				CLANG_WARN_OBJC_LITERAL_CONVERSION = YES;
				CLANG_WARN_OBJC_ROOT_CLASS = YES_ERROR;
				CLANG_WARN_QUOTED_INCLUDE_IN_FRAMEWORK_HEADER = YES;
				CLANG_WARN_RANGE_LOOP_ANALYSIS = YES;
				CLANG_WARN_STRICT_PROTOTYPES = YES;
				CLANG_WARN_SUSPICIOUS_MOVE = YES;
				CLANG_WARN_UNGUARDED_AVAILABILITY = YES_AGGRESSIVE;
				CLANG_WARN_UNREACHABLE_CODE = YES;
				CLANG_WARN__DUPLICATE_METHOD_MATCH = YES;
				COPY_PHASE_STRIP = NO;
				DEBUG_INFORMATION_FORMAT = "dwarf-with-dsym";
				ENABLE_NS_ASSERTIONS = NO;
				ENABLE_STRICT_OBJC_MSGSEND = YES;
				ENABLE_USER_SCRIPT_SANDBOXING = YES;
				GCC_C_LANGUAGE_STANDARD = gnu17;
				GCC_NO_COMMON_BLOCKS = YES;
				GCC_WARN_64_TO_32_BIT_CONVERSION = YES;
				GCC_WARN_ABOUT_RETURN_TYPE = YES_ERROR;
				GCC_WARN_UNDECLARED_SELECTOR = YES;
				GCC_WARN_UNINITIALIZED_AUTOS = YES_AGGRESSIVE;
				GCC_WARN_UNUSED_FUNCTION = YES;
				GCC_WARN_UNUSED_VARIABLE = YES;
				LOCALIZATION_PREFERS_STRING_CATALOGS = YES;
				MACOSX_DEPLOYMENT_TARGET = 14.4;
				MTL_ENABLE_DEBUG_INFO = NO;
				MTL_FAST_MATH = YES;
				SDKROOT = macosx;
				SWIFT_COMPILATION_MODE = wholemodule;
			};
			name = Release;
		};
		84183BF02C2613C000B6D94F /* Debug */ = {
			isa = XCBuildConfiguration;
			buildSettings = {
				ASSETCATALOG_COMPILER_APPICON_NAME = AppIcon;
				ASSETCATALOG_COMPILER_GLOBAL_ACCENT_COLOR_NAME = AccentColor;
				CODE_SIGN_ENTITLEMENTS = SibeGameEngine/SibeGameEngine.entitlements;
				CODE_SIGN_STYLE = Automatic;
				COMBINE_HIDPI_IMAGES = YES;
				CURRENT_PROJECT_VERSION = 1;
				DEVELOPMENT_ASSET_PATHS = "\"SibeGameEngine/Preview Content\"";
				DEVELOPMENT_TEAM = R82749YG66;
				ENABLE_HARDENED_RUNTIME = YES;
				ENABLE_PREVIEWS = YES;
				GENERATE_INFOPLIST_FILE = YES;
				INFOPLIST_KEY_NSHumanReadableCopyright = "";
				LD_RUNPATH_SEARCH_PATHS = (
					"$(inherited)",
					"@executable_path/../Frameworks",
				);
				MACOSX_DEPLOYMENT_TARGET = 14.0;
				MARKETING_VERSION = 1.0;
				PRODUCT_BUNDLE_IDENTIFIER = sibe.SibeGameEngine;
				PRODUCT_NAME = "$(TARGET_NAME)";
				SWIFT_EMIT_LOC_STRINGS = YES;
				SWIFT_VERSION = 5.0;
			};
			name = Debug;
		};
		84183BF12C2613C000B6D94F /* Release */ = {
			isa = XCBuildConfiguration;
			buildSettings = {
				ASSETCATALOG_COMPILER_APPICON_NAME = AppIcon;
				ASSETCATALOG_COMPILER_GLOBAL_ACCENT_COLOR_NAME = AccentColor;
				CODE_SIGN_ENTITLEMENTS = SibeGameEngine/SibeGameEngine.entitlements;
				CODE_SIGN_STYLE = Automatic;
				COMBINE_HIDPI_IMAGES = YES;
				CURRENT_PROJECT_VERSION = 1;
				DEVELOPMENT_ASSET_PATHS = "\"SibeGameEngine/Preview Content\"";
				DEVELOPMENT_TEAM = R82749YG66;
				ENABLE_HARDENED_RUNTIME = YES;
				ENABLE_PREVIEWS = YES;
				GENERATE_INFOPLIST_FILE = YES;
				INFOPLIST_KEY_NSHumanReadableCopyright = "";
				LD_RUNPATH_SEARCH_PATHS = (
					"$(inherited)",
					"@executable_path/../Frameworks",
				);
				MACOSX_DEPLOYMENT_TARGET = 14.0;
				MARKETING_VERSION = 1.0;
				PRODUCT_BUNDLE_IDENTIFIER = sibe.SibeGameEngine;
				PRODUCT_NAME = "$(TARGET_NAME)";
				SWIFT_EMIT_LOC_STRINGS = YES;
				SWIFT_VERSION = 5.0;
			};
			name = Release;
		};
/* End XCBuildConfiguration section */

/* Begin XCConfigurationList section */
		84183BD92C2613BF00B6D94F /* Build configuration list for PBXProject "SibeGameEngine" */ = {
			isa = XCConfigurationList;
			buildConfigurations = (
				84183BED2C2613C000B6D94F /* Debug */,
				84183BEE2C2613C000B6D94F /* Release */,
			);
			defaultConfigurationIsVisible = 0;
			defaultConfigurationName = Release;
		};
		84183BEF2C2613C000B6D94F /* Build configuration list for PBXNativeTarget "SibeGameEngine" */ = {
			isa = XCConfigurationList;
			buildConfigurations = (
				84183BF02C2613C000B6D94F /* Debug */,
				84183BF12C2613C000B6D94F /* Release */,
			);
			defaultConfigurationIsVisible = 0;
			defaultConfigurationName = Release;
		};
/* End XCConfigurationList section */
	};
	rootObject = 84183BD62C2613BF00B6D94F /* Project object */;
}
